
Microsoft Visual Studio Solution File, Format Version 12.00
# Visual Studio Version 17
VisualStudioVersion = 17.0.31903.59
MinimumVisualStudioVersion = 10.0.40219.1
Project("{FAE04EC0-301F-11D3-BF4B-00C04F79EFBC}") = "StudentManagementWebApi", "StudentManagementWebApi\StudentManagementWebApi.csproj", "{25CF0C45-E910-4DAA-A431-10E3B7B2325B}"
EndProject
Project("{2150E333-8FDC-42A3-9474-1A3956D46DE8}") = "Tests", "Tests", "{CCE37392-43AF-459D-882B-E438803B93C0}"
EndProject
Project("{FAE04EC0-301F-11D3-BF4B-00C04F79EFBC}") = "StudentManagementWebApi.UnitTests", "Tests\StudentManagementWebApi.UnitTests\StudentManagementWebApi.UnitTests.csproj", "{4DCC7D27-4FCF-4622-B372-91B63B3AB21E}"
EndProject
Global
	GlobalSection(SolutionConfigurationPlatforms) = preSolution
		Debug|Any CPU = Debug|Any CPU
		Release|Any CPU = Release|Any CPU
	EndGlobalSection
	GlobalSection(SolutionProperties) = preSolution
		HideSolutionNode = FALSE
	EndGlobalSection
	GlobalSection(ProjectConfigurationPlatforms) = postSolution
		{25CF0C45-E910-4DAA-A431-10E3B7B2325B}.Debug|Any CPU.ActiveCfg = Debug|Any CPU
		{25CF0C45-E910-4DAA-A431-10E3B7B2325B}.Debug|Any CPU.Build.0 = Debug|Any CPU
		{25CF0C45-E910-4DAA-A431-10E3B7B2325B}.Release|Any CPU.ActiveCfg = Release|Any CPU
		{25CF0C45-E910-4DAA-A431-10E3B7B2325B}.Release|Any CPU.Build.0 = Release|Any CPU
		{4DCC7D27-4FCF-4622-B372-91B63B3AB21E}.Debug|Any CPU.ActiveCfg = Debug|Any CPU
		{4DCC7D27-4FCF-4622-B372-91B63B3AB21E}.Debug|Any CPU.Build.0 = Debug|Any CPU
		{4DCC7D27-4FCF-4622-B372-91B63B3AB21E}.Release|Any CPU.ActiveCfg = Release|Any CPU
		{4DCC7D27-4FCF-4622-B372-91B63B3AB21E}.Release|Any CPU.Build.0 = Release|Any CPU
	EndGlobalSection
	GlobalSection(NestedProjects) = preSolution
		{4DCC7D27-4FCF-4622-B372-91B63B3AB21E} = {CCE37392-43AF-459D-882B-E438803B93C0}
	EndGlobalSection
EndGlobal
